Microsoft Visual Studio Solution File, Format Version 11.00
# Visual Studio 2008

Project("{5041FFE8-49FC-DE6F-23F9-D99C2E949265}") = "Decorator", "Assembly-CSharp.csproj", "{C5D3DFA9-B350-669F-66E6-DAF7D24CFB7D}"
EndProject
Global
	GlobalSection(SolutionConfigurationPlatforms) = preSolution
		Debug|Any CPU = Debug|Any CPU
		Release|Any CPU = Release|Any CPU
	EndGlobalSection
	GlobalSection(ProjectConfigurationPlatforms) = postSolution
		{C5D3DFA9-B350-669F-66E6-DAF7D24CFB7D}.Debug|Any CPU.ActiveCfg = Debug|Any CPU
		{C5D3DFA9-B350-669F-66E6-DAF7D24CFB7D}.Debug|Any CPU.Build.0 = Debug|Any CPU
		{C5D3DFA9-B350-669F-66E6-DAF7D24CFB7D}.Release|Any CPU.ActiveCfg = Release|Any CPU
		{C5D3DFA9-B350-669F-66E6-DAF7D24CFB7D}.Release|Any CPU.Build.0 = Release|Any CPU
	EndGlobalSection
	GlobalSection(SolutionProperties) = preSolution
		HideSolutionNode = FALSE
	EndGlobalSection
	GlobalSection(MonoDevelopProperties) = preSolution
		StartupItem = Assembly-CSharp.csproj
	EndGlobalSection
EndGlobal
